
Microsoft Visual Studio Solution File, Format Version 12.00
# Visual Studio 15
VisualStudioVersion = 15.0.27428.2043
MinimumVisualStudioVersion = 10.0.40219.1
Project("{2150E333-8FDC-42A3-9474-1A3956D46DE8}") = "DrawTriangle", "DrawTriangle", "{120251BB-3A7F-4567-BC33-7956C149893C}"
EndProject
Project("{39E2626F-3545-4960-A6E8-258AD8476CE5}") = "DrawTriangle.Packaging", "DrawTriangle\DrawTriangle.Packaging\DrawTriangle.Packaging.androidproj", "{A47E8D2E-C313-4BF7-A274-017FBD6692A7}"
EndProject
Project("{8BC9CEB8-8B4A-11D0-8D11-00A0C91BC942}") = "DrawTriangle.NativeActivity", "DrawTriangle\DrawTriangle.NativeActivity\DrawTriangle.NativeActivity.vcxproj", "{9D1DDF11-EEAD-4FFD-961D-95B527F1CA56}"
EndProject
Global
	GlobalSection(SolutionConfigurationPlatforms) = preSolution
		Debug|ARM = Debug|ARM
		Debug|ARM64 = Debug|ARM64
		Debug|x64 = Debug|x64
		Debug|x86 = Debug|x86
		Release|ARM = Release|ARM
		Release|ARM64 = Release|ARM64
		Release|x64 = Release|x64
		Release|x86 = Release|x86
	EndGlobalSection
	GlobalSection(ProjectConfigurationPlatforms) = postSolution
		{A47E8D2E-C313-4BF7-A274-017FBD6692A7}.Debug|ARM.ActiveCfg = Debug|ARM
		{A47E8D2E-C313-4BF7-A274-017FBD6692A7}.Debug|ARM.Build.0 = Debug|ARM
		{A47E8D2E-C313-4BF7-A274-017FBD6692A7}.Debug|ARM.Deploy.0 = Debug|ARM
		{A47E8D2E-C313-4BF7-A274-017FBD6692A7}.Debug|ARM64.ActiveCfg = Debug|ARM64
		{A47E8D2E-C313-4BF7-A274-017FBD6692A7}.Debug|ARM64.Build.0 = Debug|ARM64
		{A47E8D2E-C313-4BF7-A274-017FBD6692A7}.Debug|ARM64.Deploy.0 = Debug|ARM64
		{A47E8D2E-C313-4BF7-A274-017FBD6692A7}.Debug|x64.ActiveCfg = Debug|x64
		{A47E8D2E-C313-4BF7-A274-017FBD6692A7}.Debug|x64.Build.0 = Debug|x64
		{A47E8D2E-C313-4BF7-A274-017FBD6692A7}.Debug|x64.Deploy.0 = Debug|x64
		{A47E8D2E-C313-4BF7-A274-017FBD6692A7}.Debug|x86.ActiveCfg = Debug|x86
		{A47E8D2E-C313-4BF7-A274-017FBD6692A7}.Debug|x86.Build.0 = Debug|x86
		{A47E8D2E-C313-4BF7-A274-017FBD6692A7}.Debug|x86.Deploy.0 = Debug|x86
		{A47E8D2E-C313-4BF7-A274-017FBD6692A7}.Release|ARM.ActiveCfg = Release|ARM
		{A47E8D2E-C313-4BF7-A274-017FBD6692A7}.Release|ARM.Build.0 = Release|ARM
		{A47E8D2E-C313-4BF7-A274-017FBD6692A7}.Release|ARM.Deploy.0 = Release|ARM
		{A47E8D2E-C313-4BF7-A274-017FBD6692A7}.Release|ARM64.ActiveCfg = Release|ARM64
		{A47E8D2E-C313-4BF7-A274-017FBD6692A7}.Release|ARM64.Build.0 = Release|ARM64
		{A47E8D2E-C313-4BF7-A274-017FBD6692A7}.Release|ARM64.Deploy.0 = Release|ARM64
		{A47E8D2E-C313-4BF7-A274-017FBD6692A7}.Release|x64.ActiveCfg = Release|x64
		{A47E8D2E-C313-4BF7-A274-017FBD6692A7}.Release|x64.Build.0 = Release|x64
		{A47E8D2E-C313-4BF7-A274-017FBD6692A7}.Release|x64.Deploy.0 = Release|x64
		{A47E8D2E-C313-4BF7-A274-017FBD6692A7}.Release|x86.ActiveCfg = Release|x86
		{A47E8D2E-C313-4BF7-A274-017FBD6692A7}.Release|x86.Build.0 = Release|x86
		{A47E8D2E-C313-4BF7-A274-017FBD6692A7}.Release|x86.Deploy.0 = Release|x86
		{9D1DDF11-EEAD-4FFD-961D-95B527F1CA56}.Debug|ARM.ActiveCfg = Debug|ARM
		{9D1DDF11-EEAD-4FFD-961D-95B527F1CA56}.Debug|ARM.Build.0 = Debug|ARM
		{9D1DDF11-EEAD-4FFD-961D-95B527F1CA56}.Debug|ARM64.ActiveCfg = Debug|ARM64
		{9D1DDF11-EEAD-4FFD-961D-95B527F1CA56}.Debug|ARM64.Build.0 = Debug|ARM64
		{9D1DDF11-EEAD-4FFD-961D-95B527F1CA56}.Debug|x64.ActiveCfg = Debug|x64
		{9D1DDF11-EEAD-4FFD-961D-95B527F1CA56}.Debug|x64.Build.0 = Debug|x64
		{9D1DDF11-EEAD-4FFD-961D-95B527F1CA56}.Debug|x86.ActiveCfg = Debug|x86
		{9D1DDF11-EEAD-4FFD-961D-95B527F1CA56}.Debug|x86.Build.0 = Debug|x86
		{9D1DDF11-EEAD-4FFD-961D-95B527F1CA56}.Release|ARM.ActiveCfg = Release|ARM
		{9D1DDF11-EEAD-4FFD-961D-95B527F1CA56}.Release|ARM.Build.0 = Release|ARM
		{9D1DDF11-EEAD-4FFD-961D-95B527F1CA56}.Release|ARM64.ActiveCfg = Release|ARM64
		{9D1DDF11-EEAD-4FFD-961D-95B527F1CA56}.Release|ARM64.Build.0 = Release|ARM64
		{9D1DDF11-EEAD-4FFD-961D-95B527F1CA56}.Release|x64.ActiveCfg = Release|x64
		{9D1DDF11-EEAD-4FFD-961D-95B527F1CA56}.Release|x64.Build.0 = Release|x64
		{9D1DDF11-EEAD-4FFD-961D-95B527F1CA56}.Release|x86.ActiveCfg = Release|x86
		{9D1DDF11-EEAD-4FFD-961D-95B527F1CA56}.Release|x86.Build.0 = Release|x86
	EndGlobalSection
	GlobalSection(SolutionProperties) = preSolution
		HideSolutionNode = FALSE
	EndGlobalSection
	GlobalSection(NestedProjects) = preSolution
		{A47E8D2E-C313-4BF7-A274-017FBD6692A7} = {120251BB-3A7F-4567-BC33-7956C149893C}
		{9D1DDF11-EEAD-4FFD-961D-95B527F1CA56} = {120251BB-3A7F-4567-BC33-7956C149893C}
	EndGlobalSection
	GlobalSection(ExtensibilityGlobals) = postSolution
		SolutionGuid = {CFCDE7A1-B6BA-4711-8380-B71480901D3D}
	EndGlobalSection
EndGlobal
